
Microsoft Visual Studio Solution File, Format Version 12.00
# Visual Studio Version 16
VisualStudioVersion = 16.0.29509.3
MinimumVisualStudioVersion = 10.0.40219.1
Project("{FAE04EC0-301F-11D3-BF4B-00C04F79EFBC}") = "Xamarin.iOS.Designer.Sample", "Xamarin.iOS.Designer.Sample\Xamarin.iOS.Designer.Sample.csproj", "{3831C849-9397-42DD-864E-9040931363BA}"
EndProject
Global
	GlobalSection(SolutionConfigurationPlatforms) = preSolution
		Debug|iPhone = Debug|iPhone
		Debug|iPhoneSimulator = Debug|iPhoneSimulator
		Release|iPhone = Release|iPhone
		Release|iPhoneSimulator = Release|iPhoneSimulator
	EndGlobalSection
	GlobalSection(ProjectConfigurationPlatforms) = postSolution
		{3831C849-9397-42DD-864E-9040931363BA}.Debug|iPhone.ActiveCfg = Debug|iPhone
		{3831C849-9397-42DD-864E-9040931363BA}.Debug|iPhone.Build.0 = Debug|iPhone
		{3831C849-9397-42DD-864E-9040931363BA}.Debug|iPhone.Deploy.0 = Debug|iPhone
		{3831C849-9397-42DD-864E-9040931363BA}.Debug|iPhoneSimulator.ActiveCfg = Debug|iPhoneSimulator
		{3831C849-9397-42DD-864E-9040931363BA}.Debug|iPhoneSimulator.Build.0 = Debug|iPhoneSimulator
		{3831C849-9397-42DD-864E-9040931363BA}.Debug|iPhoneSimulator.Deploy.0 = Debug|iPhoneSimulator
		{3831C849-9397-42DD-864E-9040931363BA}.Release|iPhone.ActiveCfg = Release|iPhone
		{3831C849-9397-42DD-864E-9040931363BA}.Release|iPhone.Build.0 = Release|iPhone
		{3831C849-9397-42DD-864E-9040931363BA}.Release|iPhone.Deploy.0 = Release|iPhone
		{3831C849-9397-42DD-864E-9040931363BA}.Release|iPhoneSimulator.ActiveCfg = Release|iPhoneSimulator
		{3831C849-9397-42DD-864E-9040931363BA}.Release|iPhoneSimulator.Build.0 = Release|iPhoneSimulator
		{3831C849-9397-42DD-864E-9040931363BA}.Release|iPhoneSimulator.Deploy.0 = Release|iPhoneSimulator
	EndGlobalSection
	GlobalSection(SolutionProperties) = preSolution
		HideSolutionNode = FALSE
	EndGlobalSection
	GlobalSection(ExtensibilityGlobals) = postSolution
		SolutionGuid = {3DDD3847-058D-4FF3-A98E-96E67FE590E4}
	EndGlobalSection
EndGlobal
